
Microsoft Visual Studio Solution File, Format Version 12.00
# Visual Studio 2012
Project("{FAE04EC0-301F-11D3-BF4B-00C04F79EFBC}") = "Sputifai", "Sputifai\Sputifai.csproj", "{494232EB-ED97-4D9F-B6C5-204FE49BF2EB}"
EndProject
Global
	GlobalSection(SolutionConfigurationPlatforms) = preSolution
		Debug|Any CPU = Debug|Any CPU
		Release|Any CPU = Release|Any CPU
	EndGlobalSection
	GlobalSection(ProjectConfigurationPlatforms) = postSolution
		{494232EB-ED97-4D9F-B6C5-204FE49BF2EB}.Debug|Any CPU.ActiveCfg = Debug|Any CPU
		{494232EB-ED97-4D9F-B6C5-204FE49BF2EB}.Debug|Any CPU.Build.0 = Debug|Any CPU
		{494232EB-ED97-4D9F-B6C5-204FE49BF2EB}.Release|Any CPU.ActiveCfg = Release|Any CPU
		{494232EB-ED97-4D9F-B6C5-204FE49BF2EB}.Release|Any CPU.Build.0 = Release|Any CPU
	EndGlobalSection
	GlobalSection(SolutionProperties) = preSolution
		HideSolutionNode = FALSE
	EndGlobalSection
EndGlobal
